
Microsoft Visual Studio Solution File, Format Version 12.00
Project("{2150E333-8FDC-42A3-9474-1A3956D46DE8}") = "src", "src", "{1C3527FB-F54C-4E97-AAC2-CFED7C3A8784}"
EndProject
Project("{2150E333-8FDC-42A3-9474-1A3956D46DE8}") = "tests", "tests", "{D520F35D-186D-4A20-AD4B-A6F69F4DF66A}"
EndProject
Project("{FAE04EC0-301F-11D3-BF4B-00C04F79EFBC}") = "DesafioUbc.Api", "src\DesafioUbc.Api\DesafioUbc.Api.csproj", "{6EF2DF93-3591-420D-BE19-6FE4E4799444}"
EndProject
Project("{FAE04EC0-301F-11D3-BF4B-00C04F79EFBC}") = "DesafioUbc.Business", "src\DesafioUbc.Business\DesafioUbc.Business.csproj", "{5356C855-DAE2-4F95-88BC-074FC9E73312}"
EndProject
Project("{FAE04EC0-301F-11D3-BF4B-00C04F79EFBC}") = "DesafioUbc.Infrastructure", "src\DesafioUbc.Infrastructure\DesafioUbc.Infrastructure.csproj", "{C074F2A1-0C82-4927-9D03-803B85B0FDF8}"
EndProject
Project("{FAE04EC0-301F-11D3-BF4B-00C04F79EFBC}") = "DesafioUbc.Application", "src\DesafioUbc.Application\DesafioUbc.Application.csproj", "{05510830-D6DD-44B9-8195-210DCDA9AB97}"
EndProject
Project("{FAE04EC0-301F-11D3-BF4B-00C04F79EFBC}") = "ASP.NETCoreWebApplication1", "src\ASP.NETCoreWebApplication1\ASP.NETCoreWebApplication1.csproj", "{312FF9C7-4A1A-4105-801B-AAAAF733559D}"
EndProject
Project("{FAE04EC0-301F-11D3-BF4B-00C04F79EFBC}") = "DesafioUbc.Web", "src\DesafioUbc.Web\DesafioUbc.Web.csproj", "{C90191D5-0F3F-42B3-A554-D385142A0D2B}"
EndProject
Global
	GlobalSection(SolutionConfigurationPlatforms) = preSolution
		Debug|Any CPU = Debug|Any CPU
		Release|Any CPU = Release|Any CPU
	EndGlobalSection
	GlobalSection(NestedProjects) = preSolution
		{6EF2DF93-3591-420D-BE19-6FE4E4799444} = {1C3527FB-F54C-4E97-AAC2-CFED7C3A8784}
		{5356C855-DAE2-4F95-88BC-074FC9E73312} = {1C3527FB-F54C-4E97-AAC2-CFED7C3A8784}
		{C074F2A1-0C82-4927-9D03-803B85B0FDF8} = {1C3527FB-F54C-4E97-AAC2-CFED7C3A8784}
		{05510830-D6DD-44B9-8195-210DCDA9AB97} = {1C3527FB-F54C-4E97-AAC2-CFED7C3A8784}
		{312FF9C7-4A1A-4105-801B-AAAAF733559D} = {1C3527FB-F54C-4E97-AAC2-CFED7C3A8784}
		{C90191D5-0F3F-42B3-A554-D385142A0D2B} = {1C3527FB-F54C-4E97-AAC2-CFED7C3A8784}
	EndGlobalSection
	GlobalSection(ProjectConfigurationPlatforms) = postSolution
		{6EF2DF93-3591-420D-BE19-6FE4E4799444}.Debug|Any CPU.ActiveCfg = Debug|Any CPU
		{6EF2DF93-3591-420D-BE19-6FE4E4799444}.Debug|Any CPU.Build.0 = Debug|Any CPU
		{6EF2DF93-3591-420D-BE19-6FE4E4799444}.Release|Any CPU.ActiveCfg = Release|Any CPU
		{6EF2DF93-3591-420D-BE19-6FE4E4799444}.Release|Any CPU.Build.0 = Release|Any CPU
		{5356C855-DAE2-4F95-88BC-074FC9E73312}.Debug|Any CPU.ActiveCfg = Debug|Any CPU
		{5356C855-DAE2-4F95-88BC-074FC9E73312}.Debug|Any CPU.Build.0 = Debug|Any CPU
		{5356C855-DAE2-4F95-88BC-074FC9E73312}.Release|Any CPU.ActiveCfg = Release|Any CPU
		{5356C855-DAE2-4F95-88BC-074FC9E73312}.Release|Any CPU.Build.0 = Release|Any CPU
		{C074F2A1-0C82-4927-9D03-803B85B0FDF8}.Debug|Any CPU.ActiveCfg = Debug|Any CPU
		{C074F2A1-0C82-4927-9D03-803B85B0FDF8}.Debug|Any CPU.Build.0 = Debug|Any CPU
		{C074F2A1-0C82-4927-9D03-803B85B0FDF8}.Release|Any CPU.ActiveCfg = Release|Any CPU
		{C074F2A1-0C82-4927-9D03-803B85B0FDF8}.Release|Any CPU.Build.0 = Release|Any CPU
		{05510830-D6DD-44B9-8195-210DCDA9AB97}.Debug|Any CPU.ActiveCfg = Debug|Any CPU
		{05510830-D6DD-44B9-8195-210DCDA9AB97}.Debug|Any CPU.Build.0 = Debug|Any CPU
		{05510830-D6DD-44B9-8195-210DCDA9AB97}.Release|Any CPU.ActiveCfg = Release|Any CPU
		{05510830-D6DD-44B9-8195-210DCDA9AB97}.Release|Any CPU.Build.0 = Release|Any CPU
		{312FF9C7-4A1A-4105-801B-AAAAF733559D}.Debug|Any CPU.ActiveCfg = Debug|Any CPU
		{312FF9C7-4A1A-4105-801B-AAAAF733559D}.Debug|Any CPU.Build.0 = Debug|Any CPU
		{312FF9C7-4A1A-4105-801B-AAAAF733559D}.Release|Any CPU.ActiveCfg = Release|Any CPU
		{312FF9C7-4A1A-4105-801B-AAAAF733559D}.Release|Any CPU.Build.0 = Release|Any CPU
		{C90191D5-0F3F-42B3-A554-D385142A0D2B}.Debug|Any CPU.ActiveCfg = Debug|Any CPU
		{C90191D5-0F3F-42B3-A554-D385142A0D2B}.Debug|Any CPU.Build.0 = Debug|Any CPU
		{C90191D5-0F3F-42B3-A554-D385142A0D2B}.Release|Any CPU.ActiveCfg = Release|Any CPU
		{C90191D5-0F3F-42B3-A554-D385142A0D2B}.Release|Any CPU.Build.0 = Release|Any CPU
	EndGlobalSection
EndGlobal
